// !$*UTF8*$!
{
	archiveVersion = 1;
	classes = {
	};
	objectVersion = 46;
	objects = {

/* Begin PBXBuildFile section */
		381D71DB1EA34126003306EB /* AppDelegate.m in Sources */ = {isa = PBXBuildFile; fileRef = 381D71DA1EA34126003306EB /* AppDelegate.m */; };
		381D71DE1EA34126003306EB /* main.m in Sources */ = {isa = PBXBuildFile; fileRef = 381D71DD1EA34126003306EB /* main.m */; };
		381D71E31EA34126003306EB /* Assets.xcassets in Resources */ = {isa = PBXBuildFile; fileRef = 381D71E21EA34126003306EB /* Assets.xcassets */; };
		381D71E61EA34126003306EB /* Main.storyboard in Resources */ = {isa = PBXBuildFile; fileRef = 381D71E41EA34126003306EB /* Main.storyboard */; };
		381D722B1EA37107003306EB /* macOS.json in Resources */ = {isa = PBXBuildFile; fileRef = 381D722A1EA37107003306EB /* macOS.json */; };
		38B4CD051EAB4A4C00E9DEF8 /* iMessage.json in Resources */ = {isa = PBXBuildFile; fileRef = 38B4CD021EAB4A4C00E9DEF8 /* iMessage.json */; };
		38B4CD061EAB4A4C00E9DEF8 /* iOS.json in Resources */ = {isa = PBXBuildFile; fileRef = 38B4CD031EAB4A4C00E9DEF8 /* iOS.json */; };
		38B4CD071EAB4A4C00E9DEF8 /* watchOS.json in Resources */ = {isa = PBXBuildFile; fileRef = 38B4CD041EAB4A4C00E9DEF8 /* watchOS.json */; };
		38B4CD711EAB9DFE00E9DEF8 /* DeadImageView.m in Sources */ = {isa = PBXBuildFile; fileRef = 38B4CD6E1EAB9DFE00E9DEF8 /* DeadImageView.m */; };
		38B4CD721EAB9DFE00E9DEF8 /* TargetImageView.m in Sources */ = {isa = PBXBuildFile; fileRef = 38B4CD701EAB9DFE00E9DEF8 /* TargetImageView.m */; };
		38B4CD751EAB9E1900E9DEF8 /* ViewController.m in Sources */ = {isa = PBXBuildFile; fileRef = 38B4CD741EAB9E1900E9DEF8 /* ViewController.m */; };
/* End PBXBuildFile section */

/* Begin PBXFileReference section */
		381D71D61EA34126003306EB /* Quick Icon.app */ = {isa = PBXFileReference; explicitFileType = wrapper.application; includeInIndex = 0; path = "Quick Icon.app"; sourceTree = BUILT_PRODUCTS_DIR; };
		381D71D91EA34126003306EB /* AppDelegate.h */ = {isa = PBXFileReference; lastKnownFileType = sourcecode.c.h; path = AppDelegate.h; sourceTree = "<group>"; };
		381D71DA1EA34126003306EB /* AppDelegate.m */ = {isa = PBXFileReference; lastKnownFileType = sourcecode.c.objc; path = AppDelegate.m; sourceTree = "<group>"; };
		381D71DD1EA34126003306EB /* main.m */ = {isa = PBXFileReference; lastKnownFileType = sourcecode.c.objc; path = main.m; sourceTree = "<group>"; };
		381D71E21EA34126003306EB /* Assets.xcassets */ = {isa = PBXFileReference; lastKnownFileType = folder.assetcatalog; path = Assets.xcassets; sourceTree = "<group>"; };
		381D71E51EA34126003306EB /* Base */ = {isa = PBXFileReference; lastKnownFileType = file.storyboard; name = Base; path = Base.lproj/Main.storyboard; sourceTree = "<group>"; };
		381D71E71EA34126003306EB /* Info.plist */ = {isa = PBXFileReference; lastKnownFileType = text.plist.xml; path = Info.plist; sourceTree = "<group>"; };
		381D722A1EA37107003306EB /* macOS.json */ = {isa = PBXFileReference; fileEncoding = 4; lastKnownFileType = text.json; name = macOS.json; path = Assets.xcassets/AppIcon.appiconset/macOS.json; sourceTree = "<group>"; };
		381D72321EA3E219003306EB /* Quick Icon.entitlements */ = {isa = PBXFileReference; lastKnownFileType = text.plist.entitlements; path = "Quick Icon.entitlements"; sourceTree = "<group>"; };
		38B4CD021EAB4A4C00E9DEF8 /* iMessage.json */ = {isa = PBXFileReference; fileEncoding = 4; lastKnownFileType = text.json; name = iMessage.json; path = jsonFiles/iMessage.json; sourceTree = "<group>"; };
		38B4CD031EAB4A4C00E9DEF8 /* iOS.json */ = {isa = PBXFileReference; fileEncoding = 4; lastKnownFileType = text.json; name = iOS.json; path = jsonFiles/iOS.json; sourceTree = "<group>"; };
		38B4CD041EAB4A4C00E9DEF8 /* watchOS.json */ = {isa = PBXFileReference; fileEncoding = 4; lastKnownFileType = text.json; name = watchOS.json; path = jsonFiles/watchOS.json; sourceTree = "<group>"; };
		38B4CD6D1EAB9DFE00E9DEF8 /* DeadImageView.h */ = {isa = PBXFileReference; fileEncoding = 4; lastKnownFileType = sourcecode.c.h; name = DeadImageView.h; path = Views/DeadImageView.h; sourceTree = "<group>"; };
		38B4CD6E1EAB9DFE00E9DEF8 /* DeadImageView.m */ = {isa = PBXFileReference; fileEncoding = 4; lastKnownFileType = sourcecode.c.objc; name = DeadImageView.m; path = Views/DeadImageView.m; sourceTree = "<group>"; };
		38B4CD6F1EAB9DFE00E9DEF8 /* TargetImageView.h */ = {isa = PBXFileReference; fileEncoding = 4; lastKnownFileType = sourcecode.c.h; name = TargetImageView.h; path = Views/TargetImageView.h; sourceTree = "<group>"; };
		38B4CD701EAB9DFE00E9DEF8 /* TargetImageView.m */ = {isa = PBXFileReference; fileEncoding = 4; lastKnownFileType = sourcecode.c.objc; name = TargetImageView.m; path = Views/TargetImageView.m; sourceTree = "<group>"; };
		38B4CD731EAB9E1900E9DEF8 /* ViewController.h */ = {isa = PBXFileReference; fileEncoding = 4; lastKnownFileType = sourcecode.c.h; name = ViewController.h; path = ViewControllers/ViewController.h; sourceTree = "<group>"; };
		38B4CD741EAB9E1900E9DEF8 /* ViewController.m */ = {isa = PBXFileReference; fileEncoding = 4; lastKnownFileType = sourcecode.c.objc; name = ViewController.m; path = ViewControllers/ViewController.m; sourceTree = "<group>"; };
/* End PBXFileReference section */

/* Begin PBXFrameworksBuildPhase section */
		381D71D31EA34126003306EB /* Frameworks */ = {
			isa = PBXFrameworksBuildPhase;
			buildActionMask = 2147483647;
			files = (
			);
			runOnlyForDeploymentPostprocessing = 0;
		};
/* End PBXFrameworksBuildPhase section */

/* Begin PBXGroup section */
		381D71CD1EA34126003306EB = {
			isa = PBXGroup;
			children = (
				381D71D81EA34126003306EB /* Quick Icon */,
				381D71D71EA34126003306EB /* Products */,
			);
			sourceTree = "<group>";
		};
		381D71D71EA34126003306EB /* Products */ = {
			isa = PBXGroup;
			children = (
				381D71D61EA34126003306EB /* Quick Icon.app */,
			);
			name = Products;
			sourceTree = "<group>";
		};
		381D71D81EA34126003306EB /* Quick Icon */ = {
			isa = PBXGroup;
			children = (
				381D72321EA3E219003306EB /* Quick Icon.entitlements */,
				381D71D91EA34126003306EB /* AppDelegate.h */,
				381D71DA1EA34126003306EB /* AppDelegate.m */,
				38B4CD091EAB4A6000E9DEF8 /* ViewControllers */,
				38B4CD081EAB4A5700E9DEF8 /* Views */,
				38B4CD011EAB4A1A00E9DEF8 /* jsonFiles */,
				381D71E21EA34126003306EB /* Assets.xcassets */,
				381D71E41EA34126003306EB /* Main.storyboard */,
				381D71E71EA34126003306EB /* Info.plist */,
				381D71DC1EA34126003306EB /* Supporting Files */,
			);
			path = "Quick Icon";
			sourceTree = "<group>";
		};
		381D71DC1EA34126003306EB /* Supporting Files */ = {
			isa = PBXGroup;
			children = (
				381D71DD1EA34126003306EB /* main.m */,
			);
			name = "Supporting Files";
			sourceTree = "<group>";
		};
		38B4CD011EAB4A1A00E9DEF8 /* jsonFiles */ = {
			isa = PBXGroup;
			children = (
				38B4CD021EAB4A4C00E9DEF8 /* iMessage.json */,
				38B4CD031EAB4A4C00E9DEF8 /* iOS.json */,
				38B4CD041EAB4A4C00E9DEF8 /* watchOS.json */,
				381D722A1EA37107003306EB /* macOS.json */,
			);
			name = jsonFiles;
			sourceTree = "<group>";
		};
		38B4CD081EAB4A5700E9DEF8 /* Views */ = {
			isa = PBXGroup;
			children = (
				38B4CD6D1EAB9DFE00E9DEF8 /* DeadImageView.h */,
				38B4CD6E1EAB9DFE00E9DEF8 /* DeadImageView.m */,
				38B4CD6F1EAB9DFE00E9DEF8 /* TargetImageView.h */,
				38B4CD701EAB9DFE00E9DEF8 /* TargetImageView.m */,
			);
			name = Views;
			sourceTree = "<group>";
		};
		38B4CD091EAB4A6000E9DEF8 /* ViewControllers */ = {
			isa = PBXGroup;
			children = (
				38B4CD731EAB9E1900E9DEF8 /* ViewController.h */,
				38B4CD741EAB9E1900E9DEF8 /* ViewController.m */,
			);
			name = ViewControllers;
			sourceTree = "<group>";
		};
/* End PBXGroup section */

/* Begin PBXNativeTarget section */
		381D71D51EA34126003306EB /* Quick Icon */ = {
			isa = PBXNativeTarget;
			buildConfigurationList = 381D71EA1EA34126003306EB /* Build configuration list for PBXNativeTarget "Quick Icon" */;
			buildPhases = (
				381D71D21EA34126003306EB /* Sources */,
				381D71D31EA34126003306EB /* Frameworks */,
				381D71D41EA34126003306EB /* Resources */,
			);
			buildRules = (
			);
			dependencies = (
			);
			name = "Quick Icon";
			productName = "Quick Icon";
			productReference = 381D71D61EA34126003306EB /* Quick Icon.app */;
			productType = "com.apple.product-type.application";
		};
/* End PBXNativeTarget section */

/* Begin PBXProject section */
		381D71CE1EA34126003306EB /* Project object */ = {
			isa = PBXProject;
			attributes = {
				LastUpgradeCheck = 0830;
				ORGANIZATIONNAME = "Tawa Nicolas";
				TargetAttributes = {
					381D71D51EA34126003306EB = {
						CreatedOnToolsVersion = 8.3;
						DevelopmentTeam = DWW2N9PN49;
						ProvisioningStyle = Automatic;
						SystemCapabilities = {
							com.apple.Sandbox = {
								enabled = 0;
							};
							com.apple.iCloud = {
								enabled = 0;
							};
						};
					};
				};
			};
			buildConfigurationList = 381D71D11EA34126003306EB /* Build configuration list for PBXProject "Quick Icon" */;
			compatibilityVersion = "Xcode 3.2";
			developmentRegion = English;
			hasScannedForEncodings = 0;
			knownRegions = (
				en,
				Base,
			);
			mainGroup = 381D71CD1EA34126003306EB;
			productRefGroup = 381D71D71EA34126003306EB /* Products */;
			projectDirPath = "";
			projectRoot = "";
			targets = (
				381D71D51EA34126003306EB /* Quick Icon */,
			);
		};
/* End PBXProject section */

/* Begin PBXResourcesBuildPhase section */
		381D71D41EA34126003306EB /* Resources */ = {
			isa = PBXResourcesBuildPhase;
			buildActionMask = 2147483647;
			files = (
				381D722B1EA37107003306EB /* macOS.json in Resources */,
				381D71E31EA34126003306EB /* Assets.xcassets in Resources */,
				381D71E61EA34126003306EB /* Main.storyboard in Resources */,
				38B4CD061EAB4A4C00E9DEF8 /* iOS.json in Resources */,
				38B4CD051EAB4A4C00E9DEF8 /* iMessage.json in Resources */,
				38B4CD071EAB4A4C00E9DEF8 /* watchOS.json in Resources */,
			);
			runOnlyForDeploymentPostprocessing = 0;
		};
/* End PBXResourcesBuildPhase section */

/* Begin PBXSourcesBuildPhase section */
		381D71D21EA34126003306EB /* Sources */ = {
			isa = PBXSourcesBuildPhase;
			buildActionMask = 2147483647;
			files = (
				38B4CD721EAB9DFE00E9DEF8 /* TargetImageView.m in Sources */,
				381D71DE1EA34126003306EB /* main.m in Sources */,
				38B4CD711EAB9DFE00E9DEF8 /* DeadImageView.m in Sources */,
				381D71DB1EA34126003306EB /* AppDelegate.m in Sources */,
				38B4CD751EAB9E1900E9DEF8 /* ViewController.m in Sources */,
			);
			runOnlyForDeploymentPostprocessing = 0;
		};
/* End PBXSourcesBuildPhase section */

/* Begin PBXVariantGroup section */
		381D71E41EA34126003306EB /* Main.storyboard */ = {
			isa = PBXVariantGroup;
			children = (
				381D71E51EA34126003306EB /* Base */,
			);
			name = Main.storyboard;
			sourceTree = "<group>";
		};
/* End PBXVariantGroup section */

/* Begin XCBuildConfiguration section */
		381D71E81EA34126003306EB /* Debug */ = {
			isa = XCBuildConfiguration;
			buildSettings = {
				ALWAYS_SEARCH_USER_PATHS = NO;
				CLANG_ANALYZER_NONNULL = YES;
				CLANG_ANALYZER_NUMBER_OBJECT_CONVERSION = YES_AGGRESSIVE;
				CLANG_CXX_LANGUAGE_STANDARD = "gnu++0x";
				CLANG_CXX_LIBRARY = "libc++";
				CLANG_ENABLE_MODULES = YES;
				CLANG_ENABLE_OBJC_ARC = YES;
				CLANG_WARN_BOOL_CONVERSION = YES;
				CLANG_WARN_CONSTANT_CONVERSION = YES;
				CLANG_WARN_DIRECT_OBJC_ISA_USAGE = YES_ERROR;
				CLANG_WARN_DOCUMENTATION_COMMENTS = YES;
				CLANG_WARN_EMPTY_BODY = YES;
				CLANG_WARN_ENUM_CONVERSION = YES;
				CLANG_WARN_INFINITE_RECURSION = YES;
				CLANG_WARN_INT_CONVERSION = YES;
				CLANG_WARN_OBJC_ROOT_CLASS = YES_ERROR;
				CLANG_WARN_SUSPICIOUS_MOVE = YES;
				CLANG_WARN_UNREACHABLE_CODE = YES;
				CLANG_WARN__DUPLICATE_METHOD_MATCH = YES;
				CODE_SIGN_IDENTITY = "-";
				COPY_PHASE_STRIP = NO;
				DEBUG_INFORMATION_FORMAT = dwarf;
				ENABLE_STRICT_OBJC_MSGSEND = YES;
				ENABLE_TESTABILITY = YES;
				GCC_C_LANGUAGE_STANDARD = gnu99;
				GCC_DYNAMIC_NO_PIC = NO;
				GCC_NO_COMMON_BLOCKS = YES;
				GCC_OPTIMIZATION_LEVEL = 0;
				GCC_PREPROCESSOR_DEFINITIONS = (
					"DEBUG=1",
					"$(inherited)",
				);
				GCC_WARN_64_TO_32_BIT_CONVERSION = YES;
				GCC_WARN_ABOUT_RETURN_TYPE = YES_ERROR;
				GCC_WARN_UNDECLARED_SELECTOR = YES;
				GCC_WARN_UNINITIALIZED_AUTOS = YES_AGGRESSIVE;
				GCC_WARN_UNUSED_FUNCTION = YES;
				GCC_WARN_UNUSED_VARIABLE = YES;
				MACOSX_DEPLOYMENT_TARGET = 10.12;
				MTL_ENABLE_DEBUG_INFO = YES;
				ONLY_ACTIVE_ARCH = YES;
				SDKROOT = macosx;
			};
			name = Debug;
		};
		381D71E91EA34126003306EB /* Release */ = {
			isa = XCBuildConfiguration;
			buildSettings = {
				ALWAYS_SEARCH_USER_PATHS = NO;
				CLANG_ANALYZER_NONNULL = YES;
				CLANG_ANALYZER_NUMBER_OBJECT_CONVERSION = YES_AGGRESSIVE;
				CLANG_CXX_LANGUAGE_STANDARD = "gnu++0x";
				CLANG_CXX_LIBRARY = "libc++";
				CLANG_ENABLE_MODULES = YES;
				CLANG_ENABLE_OBJC_ARC = YES;
				CLANG_WARN_BOOL_CONVERSION = YES;
				CLANG_WARN_CONSTANT_CONVERSION = YES;
				CLANG_WARN_DIRECT_OBJC_ISA_USAGE = YES_ERROR;
				CLANG_WARN_DOCUMENTATION_COMMENTS = YES;
				CLANG_WARN_EMPTY_BODY = YES;
				CLANG_WARN_ENUM_CONVERSION = YES;
				CLANG_WARN_INFINITE_RECURSION = YES;
				CLANG_WARN_INT_CONVERSION = YES;
				CLANG_WARN_OBJC_ROOT_CLASS = YES_ERROR;
				CLANG_WARN_SUSPICIOUS_MOVE = YES;
				CLANG_WARN_UNREACHABLE_CODE = YES;
				CLANG_WARN__DUPLICATE_METHOD_MATCH = YES;
				CODE_SIGN_IDENTITY = "-";
				COPY_PHASE_STRIP = NO;
				DEBUG_INFORMATION_FORMAT = "dwarf-with-dsym";
				ENABLE_NS_ASSERTIONS = NO;
				ENABLE_STRICT_OBJC_MSGSEND = YES;
				GCC_C_LANGUAGE_STANDARD = gnu99;
				GCC_NO_COMMON_BLOCKS = YES;
				GCC_WARN_64_TO_32_BIT_CONVERSION = YES;
				GCC_WARN_ABOUT_RETURN_TYPE = YES_ERROR;
				GCC_WARN_UNDECLARED_SELECTOR = YES;
				GCC_WARN_UNINITIALIZED_AUTOS = YES_AGGRESSIVE;
				GCC_WARN_UNUSED_FUNCTION = YES;
				GCC_WARN_UNUSED_VARIABLE = YES;
				MACOSX_DEPLOYMENT_TARGET = 10.12;
				MTL_ENABLE_DEBUG_INFO = NO;
				SDKROOT = macosx;
			};
			name = Release;
		};
		381D71EB1EA34126003306EB /* Debug */ = {
			isa = XCBuildConfiguration;
			buildSettings = {
				ASSETCATALOG_COMPILER_APPICON_NAME = AppIcon;
				CODE_SIGN_ENTITLEMENTS = "Quick Icon/Quick Icon.entitlements";
				CODE_SIGN_IDENTITY = "Mac Developer";
				COMBINE_HIDPI_IMAGES = YES;
				DEVELOPMENT_TEAM = DWW2N9PN49;
				INFOPLIST_FILE = "Quick Icon/Info.plist";
				LD_RUNPATH_SEARCH_PATHS = "$(inherited) @executable_path/../Frameworks";
				MACOSX_DEPLOYMENT_TARGET = 10.11;
				PRODUCT_BUNDLE_IDENTIFIER = com.tawanicolas.quickicon;
				PRODUCT_NAME = "$(TARGET_NAME)";
				PROVISIONING_PROFILE_SPECIFIER = "";
			};
			name = Debug;
		};
		381D71EC1EA34126003306EB /* Release */ = {
			isa = XCBuildConfiguration;
			buildSettings = {
				ASSETCATALOG_COMPILER_APPICON_NAME = AppIcon;
				CODE_SIGN_ENTITLEMENTS = "Quick Icon/Quick Icon.entitlements";
				CODE_SIGN_IDENTITY = "Mac Developer";
				COMBINE_HIDPI_IMAGES = YES;
				DEVELOPMENT_TEAM = DWW2N9PN49;
				INFOPLIST_FILE = "Quick Icon/Info.plist";
				LD_RUNPATH_SEARCH_PATHS = "$(inherited) @executable_path/../Frameworks";
				MACOSX_DEPLOYMENT_TARGET = 10.11;
				PRODUCT_BUNDLE_IDENTIFIER = com.tawanicolas.quickicon;
				PRODUCT_NAME = "$(TARGET_NAME)";
				PROVISIONING_PROFILE_SPECIFIER = "";
			};
			name = Release;
		};
/* End XCBuildConfiguration section */

/* Begin XCConfigurationList section */
		381D71D11EA34126003306EB /* Build configuration list for PBXProject "Quick Icon" */ = {
			isa = XCConfigurationList;
			buildConfigurations = (
				381D71E81EA34126003306EB /* Debug */,
				381D71E91EA34126003306EB /* Release */,
			);
			defaultConfigurationIsVisible = 0;
			defaultConfigurationName = Release;
		};
		381D71EA1EA34126003306EB /* Build configuration list for PBXNativeTarget "Quick Icon" */ = {
			isa = XCConfigurationList;
			buildConfigurations = (
				381D71EB1EA34126003306EB /* Debug */,
				381D71EC1EA34126003306EB /* Release */,
			);
			defaultConfigurationIsVisible = 0;
			defaultConfigurationName = Release;
		};
/* End XCConfigurationList section */
	};
	rootObject = 381D71CE1EA34126003306EB /* Project object */;
}
